
Microsoft Visual Studio Solution File, Format Version 12.00
# Visual Studio 2013
VisualStudioVersion = 12.0.30501.0
MinimumVisualStudioVersion = 10.0.40219.1
Project("{FAE04EC0-301F-11D3-BF4B-00C04F79EFBC}") = "pcClient", "pcClient.csproj", "{F6AF8D8B-3645-4D0C-9308-E6ABCED75DD5}"
EndProject
Project("{FAE04EC0-301F-11D3-BF4B-00C04F79EFBC}") = "ANT_Managed_Library", "D:\C#\workspace\ANT_Managed_Library\ANT_Managed_Library\ANT_Managed_Library.csproj", "{16270052-0DB5-41F9-8DD4-D1700E6E7281}"
EndProject
Project("{FAE04EC0-301F-11D3-BF4B-00C04F79EFBC}") = "BeiLiNu.Ui.Controls", "D:\C#\workspace\BeiLiNu.Ui.Controls\BeiLiNu.Ui.Controls\BeiLiNu.Ui.Controls\BeiLiNu.Ui.Controls.csproj", "{0208BC3A-2F98-40F7-8D42-DD44E87D9180}"
EndProject
Project("{FAE04EC0-301F-11D3-BF4B-00C04F79EFBC}") = "Lk_more", "D:\C#\workspace\Lk_more\Lk_more.csproj", "{DED987B2-08E6-487D-9A5C-8427481A98AB}"
EndProject
Global
	GlobalSection(SolutionConfigurationPlatforms) = preSolution
		CD_ROM|Any CPU = CD_ROM|Any CPU
		CD_ROM|Mixed Platforms = CD_ROM|Mixed Platforms
		CD_ROM|x64 = CD_ROM|x64
		CD_ROM|x86 = CD_ROM|x86
		Debug|Any CPU = Debug|Any CPU
		Debug|Mixed Platforms = Debug|Mixed Platforms
		Debug|x64 = Debug|x64
		Debug|x86 = Debug|x86
		DVD-5|Any CPU = DVD-5|Any CPU
		DVD-5|Mixed Platforms = DVD-5|Mixed Platforms
		DVD-5|x64 = DVD-5|x64
		DVD-5|x86 = DVD-5|x86
		Release_Arct|Any CPU = Release_Arct|Any CPU
		Release_Arct|Mixed Platforms = Release_Arct|Mixed Platforms
		Release_Arct|x64 = Release_Arct|x64
		Release_Arct|x86 = Release_Arct|x86
		Release|Any CPU = Release|Any CPU
		Release|Mixed Platforms = Release|Mixed Platforms
		Release|x64 = Release|x64
		Release|x86 = Release|x86
		SingleImage|Any CPU = SingleImage|Any CPU
		SingleImage|Mixed Platforms = SingleImage|Mixed Platforms
		SingleImage|x64 = SingleImage|x64
		SingleImage|x86 = SingleImage|x86
	EndGlobalSection
	GlobalSection(ProjectConfigurationPlatforms) = postSolution
		{F6AF8D8B-3645-4D0C-9308-E6ABCED75DD5}.CD_ROM|Any CPU.ActiveCfg = Release|Any CPU
		{F6AF8D8B-3645-4D0C-9308-E6ABCED75DD5}.CD_ROM|Any CPU.Build.0 = Release|Any CPU
		{F6AF8D8B-3645-4D0C-9308-E6ABCED75DD5}.CD_ROM|Mixed Platforms.ActiveCfg = Release|x86
		{F6AF8D8B-3645-4D0C-9308-E6ABCED75DD5}.CD_ROM|Mixed Platforms.Build.0 = Release|x86
		{F6AF8D8B-3645-4D0C-9308-E6ABCED75DD5}.CD_ROM|x64.ActiveCfg = Release|x64
		{F6AF8D8B-3645-4D0C-9308-E6ABCED75DD5}.CD_ROM|x64.Build.0 = Release|x64
		{F6AF8D8B-3645-4D0C-9308-E6ABCED75DD5}.CD_ROM|x86.ActiveCfg = Release|x86
		{F6AF8D8B-3645-4D0C-9308-E6ABCED75DD5}.CD_ROM|x86.Build.0 = Release|x86
		{F6AF8D8B-3645-4D0C-9308-E6ABCED75DD5}.Debug|Any CPU.ActiveCfg = Debug|Any CPU
		{F6AF8D8B-3645-4D0C-9308-E6ABCED75DD5}.Debug|Any CPU.Build.0 = Debug|Any CPU
		{F6AF8D8B-3645-4D0C-9308-E6ABCED75DD5}.Debug|Mixed Platforms.ActiveCfg = Debug|x86
		{F6AF8D8B-3645-4D0C-9308-E6ABCED75DD5}.Debug|Mixed Platforms.Build.0 = Debug|x86
		{F6AF8D8B-3645-4D0C-9308-E6ABCED75DD5}.Debug|x64.ActiveCfg = Debug|x64
		{F6AF8D8B-3645-4D0C-9308-E6ABCED75DD5}.Debug|x64.Build.0 = Debug|x64
		{F6AF8D8B-3645-4D0C-9308-E6ABCED75DD5}.Debug|x86.ActiveCfg = Debug|x86
		{F6AF8D8B-3645-4D0C-9308-E6ABCED75DD5}.Debug|x86.Build.0 = Debug|x86
		{F6AF8D8B-3645-4D0C-9308-E6ABCED75DD5}.DVD-5|Any CPU.ActiveCfg = Debug|Any CPU
		{F6AF8D8B-3645-4D0C-9308-E6ABCED75DD5}.DVD-5|Any CPU.Build.0 = Debug|Any CPU
		{F6AF8D8B-3645-4D0C-9308-E6ABCED75DD5}.DVD-5|Mixed Platforms.ActiveCfg = Debug|x86
		{F6AF8D8B-3645-4D0C-9308-E6ABCED75DD5}.DVD-5|Mixed Platforms.Build.0 = Debug|x86
		{F6AF8D8B-3645-4D0C-9308-E6ABCED75DD5}.DVD-5|x64.ActiveCfg = Debug|x64
		{F6AF8D8B-3645-4D0C-9308-E6ABCED75DD5}.DVD-5|x64.Build.0 = Debug|x64
		{F6AF8D8B-3645-4D0C-9308-E6ABCED75DD5}.DVD-5|x86.ActiveCfg = Debug|x86
		{F6AF8D8B-3645-4D0C-9308-E6ABCED75DD5}.DVD-5|x86.Build.0 = Debug|x86
		{F6AF8D8B-3645-4D0C-9308-E6ABCED75DD5}.Release_Arct|Any CPU.ActiveCfg = Release|Any CPU
		{F6AF8D8B-3645-4D0C-9308-E6ABCED75DD5}.Release_Arct|Any CPU.Build.0 = Release|Any CPU
		{F6AF8D8B-3645-4D0C-9308-E6ABCED75DD5}.Release_Arct|Mixed Platforms.ActiveCfg = Release|x86
		{F6AF8D8B-3645-4D0C-9308-E6ABCED75DD5}.Release_Arct|Mixed Platforms.Build.0 = Release|x86
		{F6AF8D8B-3645-4D0C-9308-E6ABCED75DD5}.Release_Arct|x64.ActiveCfg = Release|x64
		{F6AF8D8B-3645-4D0C-9308-E6ABCED75DD5}.Release_Arct|x64.Build.0 = Release|x64
		{F6AF8D8B-3645-4D0C-9308-E6ABCED75DD5}.Release_Arct|x86.ActiveCfg = Release|x86
		{F6AF8D8B-3645-4D0C-9308-E6ABCED75DD5}.Release_Arct|x86.Build.0 = Release|x86
		{F6AF8D8B-3645-4D0C-9308-E6ABCED75DD5}.Release|Any CPU.ActiveCfg = Release|Any CPU
		{F6AF8D8B-3645-4D0C-9308-E6ABCED75DD5}.Release|Any CPU.Build.0 = Release|Any CPU
		{F6AF8D8B-3645-4D0C-9308-E6ABCED75DD5}.Release|Mixed Platforms.ActiveCfg = Release|x86
		{F6AF8D8B-3645-4D0C-9308-E6ABCED75DD5}.Release|Mixed Platforms.Build.0 = Release|x86
		{F6AF8D8B-3645-4D0C-9308-E6ABCED75DD5}.Release|x64.ActiveCfg = Release|x64
		{F6AF8D8B-3645-4D0C-9308-E6ABCED75DD5}.Release|x64.Build.0 = Release|x64
		{F6AF8D8B-3645-4D0C-9308-E6ABCED75DD5}.Release|x86.ActiveCfg = Release|x86
		{F6AF8D8B-3645-4D0C-9308-E6ABCED75DD5}.Release|x86.Build.0 = Release|x86
		{F6AF8D8B-3645-4D0C-9308-E6ABCED75DD5}.SingleImage|Any CPU.ActiveCfg = Release|Any CPU
		{F6AF8D8B-3645-4D0C-9308-E6ABCED75DD5}.SingleImage|Any CPU.Build.0 = Release|Any CPU
		{F6AF8D8B-3645-4D0C-9308-E6ABCED75DD5}.SingleImage|Mixed Platforms.ActiveCfg = Release|x86
		{F6AF8D8B-3645-4D0C-9308-E6ABCED75DD5}.SingleImage|Mixed Platforms.Build.0 = Release|x86
		{F6AF8D8B-3645-4D0C-9308-E6ABCED75DD5}.SingleImage|x64.ActiveCfg = Release|x64
		{F6AF8D8B-3645-4D0C-9308-E6ABCED75DD5}.SingleImage|x64.Build.0 = Release|x64
		{F6AF8D8B-3645-4D0C-9308-E6ABCED75DD5}.SingleImage|x86.ActiveCfg = Release|x86
		{F6AF8D8B-3645-4D0C-9308-E6ABCED75DD5}.SingleImage|x86.Build.0 = Release|x86
		{16270052-0DB5-41F9-8DD4-D1700E6E7281}.CD_ROM|Any CPU.ActiveCfg = Release_Arct|Any CPU
		{16270052-0DB5-41F9-8DD4-D1700E6E7281}.CD_ROM|Any CPU.Build.0 = Release_Arct|Any CPU
		{16270052-0DB5-41F9-8DD4-D1700E6E7281}.CD_ROM|Mixed Platforms.ActiveCfg = Release_Arct|x86
		{16270052-0DB5-41F9-8DD4-D1700E6E7281}.CD_ROM|Mixed Platforms.Build.0 = Release_Arct|x86
		{16270052-0DB5-41F9-8DD4-D1700E6E7281}.CD_ROM|x64.ActiveCfg = Release_Arct|x64
		{16270052-0DB5-41F9-8DD4-D1700E6E7281}.CD_ROM|x64.Build.0 = Release_Arct|x64
		{16270052-0DB5-41F9-8DD4-D1700E6E7281}.CD_ROM|x86.ActiveCfg = Release_Arct|x86
		{16270052-0DB5-41F9-8DD4-D1700E6E7281}.CD_ROM|x86.Build.0 = Release_Arct|x86
		{16270052-0DB5-41F9-8DD4-D1700E6E7281}.Debug|Any CPU.ActiveCfg = Debug|Any CPU
		{16270052-0DB5-41F9-8DD4-D1700E6E7281}.Debug|Any CPU.Build.0 = Debug|Any CPU
		{16270052-0DB5-41F9-8DD4-D1700E6E7281}.Debug|Mixed Platforms.ActiveCfg = Debug|x86
		{16270052-0DB5-41F9-8DD4-D1700E6E7281}.Debug|Mixed Platforms.Build.0 = Debug|x86
		{16270052-0DB5-41F9-8DD4-D1700E6E7281}.Debug|x64.ActiveCfg = Debug|x64
		{16270052-0DB5-41F9-8DD4-D1700E6E7281}.Debug|x64.Build.0 = Debug|x64
		{16270052-0DB5-41F9-8DD4-D1700E6E7281}.Debug|x86.ActiveCfg = Debug|x86
		{16270052-0DB5-41F9-8DD4-D1700E6E7281}.Debug|x86.Build.0 = Debug|x86
		{16270052-0DB5-41F9-8DD4-D1700E6E7281}.DVD-5|Any CPU.ActiveCfg = Debug|Any CPU
		{16270052-0DB5-41F9-8DD4-D1700E6E7281}.DVD-5|Any CPU.Build.0 = Debug|Any CPU
		{16270052-0DB5-41F9-8DD4-D1700E6E7281}.DVD-5|Mixed Platforms.ActiveCfg = Debug|x86
		{16270052-0DB5-41F9-8DD4-D1700E6E7281}.DVD-5|Mixed Platforms.Build.0 = Debug|x86
		{16270052-0DB5-41F9-8DD4-D1700E6E7281}.DVD-5|x64.ActiveCfg = Debug|x64
		{16270052-0DB5-41F9-8DD4-D1700E6E7281}.DVD-5|x64.Build.0 = Debug|x64
		{16270052-0DB5-41F9-8DD4-D1700E6E7281}.DVD-5|x86.ActiveCfg = Debug|x86
		{16270052-0DB5-41F9-8DD4-D1700E6E7281}.DVD-5|x86.Build.0 = Debug|x86
		{16270052-0DB5-41F9-8DD4-D1700E6E7281}.Release_Arct|Any CPU.ActiveCfg = Release_Arct|Any CPU
		{16270052-0DB5-41F9-8DD4-D1700E6E7281}.Release_Arct|Any CPU.Build.0 = Release_Arct|Any CPU
		{16270052-0DB5-41F9-8DD4-D1700E6E7281}.Release_Arct|Mixed Platforms.ActiveCfg = Release_Arct|x86
		{16270052-0DB5-41F9-8DD4-D1700E6E7281}.Release_Arct|Mixed Platforms.Build.0 = Release_Arct|x86
		{16270052-0DB5-41F9-8DD4-D1700E6E7281}.Release_Arct|x64.ActiveCfg = Release_Arct|x64
		{16270052-0DB5-41F9-8DD4-D1700E6E7281}.Release_Arct|x64.Build.0 = Release_Arct|x64
		{16270052-0DB5-41F9-8DD4-D1700E6E7281}.Release_Arct|x86.ActiveCfg = Release_Arct|x86
		{16270052-0DB5-41F9-8DD4-D1700E6E7281}.Release_Arct|x86.Build.0 = Release_Arct|x86
		{16270052-0DB5-41F9-8DD4-D1700E6E7281}.Release|Any CPU.ActiveCfg = Release|Any CPU
		{16270052-0DB5-41F9-8DD4-D1700E6E7281}.Release|Any CPU.Build.0 = Release|Any CPU
		{16270052-0DB5-41F9-8DD4-D1700E6E7281}.Release|Mixed Platforms.ActiveCfg = Release|x86
		{16270052-0DB5-41F9-8DD4-D1700E6E7281}.Release|Mixed Platforms.Build.0 = Release|x86
		{16270052-0DB5-41F9-8DD4-D1700E6E7281}.Release|x64.ActiveCfg = Release|x64
		{16270052-0DB5-41F9-8DD4-D1700E6E7281}.Release|x64.Build.0 = Release|x64
		{16270052-0DB5-41F9-8DD4-D1700E6E7281}.Release|x86.ActiveCfg = Release|x86
		{16270052-0DB5-41F9-8DD4-D1700E6E7281}.Release|x86.Build.0 = Release|x86
		{16270052-0DB5-41F9-8DD4-D1700E6E7281}.SingleImage|Any CPU.ActiveCfg = Release_Arct|Any CPU
		{16270052-0DB5-41F9-8DD4-D1700E6E7281}.SingleImage|Any CPU.Build.0 = Release_Arct|Any CPU
		{16270052-0DB5-41F9-8DD4-D1700E6E7281}.SingleImage|Mixed Platforms.ActiveCfg = Release_Arct|x86
		{16270052-0DB5-41F9-8DD4-D1700E6E7281}.SingleImage|Mixed Platforms.Build.0 = Release_Arct|x86
		{16270052-0DB5-41F9-8DD4-D1700E6E7281}.SingleImage|x64.ActiveCfg = Release_Arct|x64
		{16270052-0DB5-41F9-8DD4-D1700E6E7281}.SingleImage|x64.Build.0 = Release_Arct|x64
		{16270052-0DB5-41F9-8DD4-D1700E6E7281}.SingleImage|x86.ActiveCfg = Release_Arct|x86
		{16270052-0DB5-41F9-8DD4-D1700E6E7281}.SingleImage|x86.Build.0 = Release_Arct|x86
		{0208BC3A-2F98-40F7-8D42-DD44E87D9180}.CD_ROM|Any CPU.ActiveCfg = Release|Any CPU
		{0208BC3A-2F98-40F7-8D42-DD44E87D9180}.CD_ROM|Any CPU.Build.0 = Release|Any CPU
		{0208BC3A-2F98-40F7-8D42-DD44E87D9180}.CD_ROM|Mixed Platforms.ActiveCfg = Release|x86
		{0208BC3A-2F98-40F7-8D42-DD44E87D9180}.CD_ROM|Mixed Platforms.Build.0 = Release|x86
		{0208BC3A-2F98-40F7-8D42-DD44E87D9180}.CD_ROM|x64.ActiveCfg = Release|Any CPU
		{0208BC3A-2F98-40F7-8D42-DD44E87D9180}.CD_ROM|x86.ActiveCfg = Release|x86
		{0208BC3A-2F98-40F7-8D42-DD44E87D9180}.CD_ROM|x86.Build.0 = Release|x86
		{0208BC3A-2F98-40F7-8D42-DD44E87D9180}.Debug|Any CPU.ActiveCfg = Debug|Any CPU
		{0208BC3A-2F98-40F7-8D42-DD44E87D9180}.Debug|Any CPU.Build.0 = Debug|Any CPU
		{0208BC3A-2F98-40F7-8D42-DD44E87D9180}.Debug|Mixed Platforms.ActiveCfg = Debug|x86
		{0208BC3A-2F98-40F7-8D42-DD44E87D9180}.Debug|Mixed Platforms.Build.0 = Debug|x86
		{0208BC3A-2F98-40F7-8D42-DD44E87D9180}.Debug|x64.ActiveCfg = Debug|Any CPU
		{0208BC3A-2F98-40F7-8D42-DD44E87D9180}.Debug|x86.ActiveCfg = Debug|x86
		{0208BC3A-2F98-40F7-8D42-DD44E87D9180}.Debug|x86.Build.0 = Debug|x86
		{0208BC3A-2F98-40F7-8D42-DD44E87D9180}.DVD-5|Any CPU.ActiveCfg = Debug|Any CPU
		{0208BC3A-2F98-40F7-8D42-DD44E87D9180}.DVD-5|Any CPU.Build.0 = Debug|Any CPU
		{0208BC3A-2F98-40F7-8D42-DD44E87D9180}.DVD-5|Mixed Platforms.ActiveCfg = Debug|x86
		{0208BC3A-2F98-40F7-8D42-DD44E87D9180}.DVD-5|Mixed Platforms.Build.0 = Debug|x86
		{0208BC3A-2F98-40F7-8D42-DD44E87D9180}.DVD-5|x64.ActiveCfg = Debug|Any CPU
		{0208BC3A-2F98-40F7-8D42-DD44E87D9180}.DVD-5|x86.ActiveCfg = Debug|x86
		{0208BC3A-2F98-40F7-8D42-DD44E87D9180}.DVD-5|x86.Build.0 = Debug|x86
		{0208BC3A-2F98-40F7-8D42-DD44E87D9180}.Release_Arct|Any CPU.ActiveCfg = Release|Any CPU
		{0208BC3A-2F98-40F7-8D42-DD44E87D9180}.Release_Arct|Any CPU.Build.0 = Release|Any CPU
		{0208BC3A-2F98-40F7-8D42-DD44E87D9180}.Release_Arct|Mixed Platforms.ActiveCfg = Release|x86
		{0208BC3A-2F98-40F7-8D42-DD44E87D9180}.Release_Arct|Mixed Platforms.Build.0 = Release|x86
		{0208BC3A-2F98-40F7-8D42-DD44E87D9180}.Release_Arct|x64.ActiveCfg = Release|Any CPU
		{0208BC3A-2F98-40F7-8D42-DD44E87D9180}.Release_Arct|x86.ActiveCfg = Release|x86
		{0208BC3A-2F98-40F7-8D42-DD44E87D9180}.Release_Arct|x86.Build.0 = Release|x86
		{0208BC3A-2F98-40F7-8D42-DD44E87D9180}.Release|Any CPU.ActiveCfg = Release|Any CPU
		{0208BC3A-2F98-40F7-8D42-DD44E87D9180}.Release|Any CPU.Build.0 = Release|Any CPU
		{0208BC3A-2F98-40F7-8D42-DD44E87D9180}.Release|Mixed Platforms.ActiveCfg = Release|x86
		{0208BC3A-2F98-40F7-8D42-DD44E87D9180}.Release|Mixed Platforms.Build.0 = Release|x86
		{0208BC3A-2F98-40F7-8D42-DD44E87D9180}.Release|x64.ActiveCfg = Release|Any CPU
		{0208BC3A-2F98-40F7-8D42-DD44E87D9180}.Release|x86.ActiveCfg = Release|x86
		{0208BC3A-2F98-40F7-8D42-DD44E87D9180}.Release|x86.Build.0 = Release|x86
		{0208BC3A-2F98-40F7-8D42-DD44E87D9180}.SingleImage|Any CPU.ActiveCfg = Release|Any CPU
		{0208BC3A-2F98-40F7-8D42-DD44E87D9180}.SingleImage|Any CPU.Build.0 = Release|Any CPU
		{0208BC3A-2F98-40F7-8D42-DD44E87D9180}.SingleImage|Mixed Platforms.ActiveCfg = Release|x86
		{0208BC3A-2F98-40F7-8D42-DD44E87D9180}.SingleImage|Mixed Platforms.Build.0 = Release|x86
		{0208BC3A-2F98-40F7-8D42-DD44E87D9180}.SingleImage|x64.ActiveCfg = Release|Any CPU
		{0208BC3A-2F98-40F7-8D42-DD44E87D9180}.SingleImage|x86.ActiveCfg = Release|x86
		{0208BC3A-2F98-40F7-8D42-DD44E87D9180}.SingleImage|x86.Build.0 = Release|x86
		{DED987B2-08E6-487D-9A5C-8427481A98AB}.CD_ROM|Any CPU.ActiveCfg = Release|Any CPU
		{DED987B2-08E6-487D-9A5C-8427481A98AB}.CD_ROM|Any CPU.Build.0 = Release|Any CPU
		{DED987B2-08E6-487D-9A5C-8427481A98AB}.CD_ROM|Mixed Platforms.ActiveCfg = Release|x86
		{DED987B2-08E6-487D-9A5C-8427481A98AB}.CD_ROM|Mixed Platforms.Build.0 = Release|x86
		{DED987B2-08E6-487D-9A5C-8427481A98AB}.CD_ROM|x64.ActiveCfg = Release|Any CPU
		{DED987B2-08E6-487D-9A5C-8427481A98AB}.CD_ROM|x86.ActiveCfg = Release|x86
		{DED987B2-08E6-487D-9A5C-8427481A98AB}.CD_ROM|x86.Build.0 = Release|x86
		{DED987B2-08E6-487D-9A5C-8427481A98AB}.Debug|Any CPU.ActiveCfg = Debug|Any CPU
		{DED987B2-08E6-487D-9A5C-8427481A98AB}.Debug|Any CPU.Build.0 = Debug|Any CPU
		{DED987B2-08E6-487D-9A5C-8427481A98AB}.Debug|Mixed Platforms.ActiveCfg = Debug|x86
		{DED987B2-08E6-487D-9A5C-8427481A98AB}.Debug|Mixed Platforms.Build.0 = Debug|x86
		{DED987B2-08E6-487D-9A5C-8427481A98AB}.Debug|x64.ActiveCfg = Debug|Any CPU
		{DED987B2-08E6-487D-9A5C-8427481A98AB}.Debug|x86.ActiveCfg = Debug|x86
		{DED987B2-08E6-487D-9A5C-8427481A98AB}.Debug|x86.Build.0 = Debug|x86
		{DED987B2-08E6-487D-9A5C-8427481A98AB}.DVD-5|Any CPU.ActiveCfg = Debug|Any CPU
		{DED987B2-08E6-487D-9A5C-8427481A98AB}.DVD-5|Any CPU.Build.0 = Debug|Any CPU
		{DED987B2-08E6-487D-9A5C-8427481A98AB}.DVD-5|Mixed Platforms.ActiveCfg = Debug|x86
		{DED987B2-08E6-487D-9A5C-8427481A98AB}.DVD-5|Mixed Platforms.Build.0 = Debug|x86
		{DED987B2-08E6-487D-9A5C-8427481A98AB}.DVD-5|x64.ActiveCfg = Debug|Any CPU
		{DED987B2-08E6-487D-9A5C-8427481A98AB}.DVD-5|x86.ActiveCfg = Debug|x86
		{DED987B2-08E6-487D-9A5C-8427481A98AB}.DVD-5|x86.Build.0 = Debug|x86
		{DED987B2-08E6-487D-9A5C-8427481A98AB}.Release_Arct|Any CPU.ActiveCfg = Release|Any CPU
		{DED987B2-08E6-487D-9A5C-8427481A98AB}.Release_Arct|Any CPU.Build.0 = Release|Any CPU
		{DED987B2-08E6-487D-9A5C-8427481A98AB}.Release_Arct|Mixed Platforms.ActiveCfg = Release|x86
		{DED987B2-08E6-487D-9A5C-8427481A98AB}.Release_Arct|Mixed Platforms.Build.0 = Release|x86
		{DED987B2-08E6-487D-9A5C-8427481A98AB}.Release_Arct|x64.ActiveCfg = Release|Any CPU
		{DED987B2-08E6-487D-9A5C-8427481A98AB}.Release_Arct|x86.ActiveCfg = Release|x86
		{DED987B2-08E6-487D-9A5C-8427481A98AB}.Release_Arct|x86.Build.0 = Release|x86
		{DED987B2-08E6-487D-9A5C-8427481A98AB}.Release|Any CPU.ActiveCfg = Release|Any CPU
		{DED987B2-08E6-487D-9A5C-8427481A98AB}.Release|Any CPU.Build.0 = Release|Any CPU
		{DED987B2-08E6-487D-9A5C-8427481A98AB}.Release|Mixed Platforms.ActiveCfg = Release|x86
		{DED987B2-08E6-487D-9A5C-8427481A98AB}.Release|Mixed Platforms.Build.0 = Release|x86
		{DED987B2-08E6-487D-9A5C-8427481A98AB}.Release|x64.ActiveCfg = Release|Any CPU
		{DED987B2-08E6-487D-9A5C-8427481A98AB}.Release|x86.ActiveCfg = Release|x86
		{DED987B2-08E6-487D-9A5C-8427481A98AB}.Release|x86.Build.0 = Release|x86
		{DED987B2-08E6-487D-9A5C-8427481A98AB}.SingleImage|Any CPU.ActiveCfg = Release|Any CPU
		{DED987B2-08E6-487D-9A5C-8427481A98AB}.SingleImage|Any CPU.Build.0 = Release|Any CPU
		{DED987B2-08E6-487D-9A5C-8427481A98AB}.SingleImage|Mixed Platforms.ActiveCfg = Release|x86
		{DED987B2-08E6-487D-9A5C-8427481A98AB}.SingleImage|Mixed Platforms.Build.0 = Release|x86
		{DED987B2-08E6-487D-9A5C-8427481A98AB}.SingleImage|x64.ActiveCfg = Release|Any CPU
		{DED987B2-08E6-487D-9A5C-8427481A98AB}.SingleImage|x86.ActiveCfg = Release|x86
		{DED987B2-08E6-487D-9A5C-8427481A98AB}.SingleImage|x86.Build.0 = Release|x86
	EndGlobalSection
	GlobalSection(SolutionProperties) = preSolution
		HideSolutionNode = FALSE
	EndGlobalSection
EndGlobal
